
Microsoft Visual Studio Solution File, Format Version 12.00
# Visual Studio Version 16
VisualStudioVersion = 16.0.33130.400
MinimumVisualStudioVersion = 10.0.40219.1
Project("{FAE04EC0-301F-11D3-BF4B-00C04F79EFBC}") = "CIDPipeline", "CIDPipeline\CIDPipeline.csproj", "{315373B8-82EC-406F-BD5D-87BF998B4A9B}"
EndProject
Global
	GlobalSection(SolutionConfigurationPlatforms) = preSolution
		Debug|Any CPU = Debug|Any CPU
		Release|Any CPU = Release|Any CPU
	EndGlobalSection
	GlobalSection(ProjectConfigurationPlatforms) = postSolution
		{315373B8-82EC-406F-BD5D-87BF998B4A9B}.Debug|Any CPU.ActiveCfg = Debug|Any CPU
		{315373B8-82EC-406F-BD5D-87BF998B4A9B}.Debug|Any CPU.Build.0 = Debug|Any CPU
		{315373B8-82EC-406F-BD5D-87BF998B4A9B}.Release|Any CPU.ActiveCfg = Release|Any CPU
		{315373B8-82EC-406F-BD5D-87BF998B4A9B}.Release|Any CPU.Build.0 = Release|Any CPU
	EndGlobalSection
	GlobalSection(SolutionProperties) = preSolution
		HideSolutionNode = FALSE
	EndGlobalSection
	GlobalSection(ExtensibilityGlobals) = postSolution
		SolutionGuid = {2C44739C-883B-47F1-98B6-275F9EE83667}
	EndGlobalSection
EndGlobal
